
Microsoft Visual Studio Solution File, Format Version 12.00
# Visual Studio 15
Project("{FAE04EC0-301F-11D3-BF4B-00C04F79EFBC}") = "Assembly-CSharp", "Assembly-CSharp.csproj", "{300037FA-DC4B-8ECA-E871-C3938D87D8BC}"
EndProject
Project("{FAE04EC0-301F-11D3-BF4B-00C04F79EFBC}") = "Assembly-CSharp-Editor", "Assembly-CSharp-Editor.csproj", "{F57C4425-707A-6D20-CAE5-DD06474654F0}"
EndProject
Global
	GlobalSection(SolutionConfigurationPlatforms) = preSolution
		Debug|Any CPU = Debug|Any CPU
		Release|Any CPU = Release|Any CPU
	EndGlobalSection
	GlobalSection(ProjectConfigurationPlatforms) = postSolution
		{300037FA-DC4B-8ECA-E871-C3938D87D8BC}.Debug|Any CPU.ActiveCfg = Debug|Any CPU
		{300037FA-DC4B-8ECA-E871-C3938D87D8BC}.Debug|Any CPU.Build.0 = Debug|Any CPU
		{300037FA-DC4B-8ECA-E871-C3938D87D8BC}.Release|Any CPU.ActiveCfg = Release|Any CPU
		{300037FA-DC4B-8ECA-E871-C3938D87D8BC}.Release|Any CPU.Build.0 = Release|Any CPU
		{F57C4425-707A-6D20-CAE5-DD06474654F0}.Debug|Any CPU.ActiveCfg = Debug|Any CPU
		{F57C4425-707A-6D20-CAE5-DD06474654F0}.Debug|Any CPU.Build.0 = Debug|Any CPU
		{F57C4425-707A-6D20-CAE5-DD06474654F0}.Release|Any CPU.ActiveCfg = Release|Any CPU
		{F57C4425-707A-6D20-CAE5-DD06474654F0}.Release|Any CPU.Build.0 = Release|Any CPU
	EndGlobalSection
	GlobalSection(SolutionProperties) = preSolution
		HideSolutionNode = FALSE
	EndGlobalSection
EndGlobal
